# THIS IS AN AUTOGENERATED FILE. DO NOT EDIT THIS FILE DIRECTLY.
# yarn lockfile v1


"@types/emscripten@*", "@types/emscripten@^1.39.6":
  version "1.39.6"
  resolved "https://registry.yarnpkg.com/@types/emscripten/-/emscripten-1.39.6.tgz#698b90fe60d44acf93c31064218fbea93fbfd85a"
  integrity sha512-H90aoynNhhkQP6DRweEjJp5vfUVdIj7tdPLsu7pq89vODD/lcugKfZOsfgwpvM6XUewEp2N5dCg1Uf3Qe55Dcg==

"@types/node@*":
  version "17.0.21"
  resolved "https://registry.yarnpkg.com/@types/node/-/node-17.0.21.tgz#864b987c0c68d07b4345845c3e63b75edd143644"
  integrity sha512-DBZCJbhII3r90XbQxI8Y9IjjiiOGlZ0Hr32omXIZvwwZ7p4DMMXGrKXVyPfuoBOri9XNtL0UK69jYIBIsRX3QQ==

"@types/sql.js@^1.4.3":
  version "1.4.3"
  resolved "https://registry.yarnpkg.com/@types/sql.js/-/sql.js-1.4.3.tgz#190393fd9aff683b880b9fbe3b04b4f6a84c5fbd"
  integrity sha512-3bz1LJIiJtKMEL8tYf7c9Nrb1lYcFeWQkE8vhWvobE29ZzizW79DtoTjqx1bR82DS2Ch2K30nOwNhuLclZ1vYg==
  dependencies:
    "@types/emscripten" "*"
    "@types/node" "*"

typescript@^4.6.2:
  version "4.6.2"
  resolved "https://registry.yarnpkg.com/typescript/-/typescript-4.6.2.tgz#fe12d2727b708f4eef40f51598b3398baa9611d4"
  integrity sha512-HM/hFigTBHZhLXshn9sN37H085+hQGeJHJ/X7LpBWLID/fbc2acUMfU+lGD98X81sKP+pFa9f0DZmCwB9GnbAg==
